
Microsoft Visual Studio Solution File, Format Version 12.00
# Visual Studio Version 16
VisualStudioVersion = 16.0.29009.5
MinimumVisualStudioVersion = 10.0.40219.1
Project("{FAE04EC0-301F-11D3-BF4B-00C04F79EFBC}") = "ProductBE", "ProductBE\ProductBE.csproj", "{1FA5020C-01CB-4177-9421-62DCEB75BB20}"
EndProject
Global
	GlobalSection(SolutionConfigurationPlatforms) = preSolution
		Debug|Any CPU = Debug|Any CPU
		Release|Any CPU = Release|Any CPU
	EndGlobalSection
	GlobalSection(ProjectConfigurationPlatforms) = postSolution
		{1FA5020C-01CB-4177-9421-62DCEB75BB20}.Debug|Any CPU.ActiveCfg = Debug|Any CPU
		{1FA5020C-01CB-4177-9421-62DCEB75BB20}.Debug|Any CPU.Build.0 = Debug|Any CPU
		{1FA5020C-01CB-4177-9421-62DCEB75BB20}.Release|Any CPU.ActiveCfg = Release|Any CPU
		{1FA5020C-01CB-4177-9421-62DCEB75BB20}.Release|Any CPU.Build.0 = Release|Any CPU
	EndGlobalSection
	GlobalSection(SolutionProperties) = preSolution
		HideSolutionNode = FALSE
	EndGlobalSection
	GlobalSection(ExtensibilityGlobals) = postSolution
		SolutionGuid = {E5D3CE0C-4CD5-46C4-B0B3-1DE3D3C817AE}
	EndGlobalSection
EndGlobal
